// !$*UTF8*$!
{
	archiveVersion = 1;
	classes = {
	};
	objectVersion = 50;
	objects = {

/* Begin PBXBuildFile section */
		174E35862A23F0CC38224C67 /* libPods-WhiteStar.a in Frameworks */ = {isa = PBXBuildFile; fileRef = 4A85420577215519E5CE72CD /* libPods-WhiteStar.a */; };
		E317488A255D69E900FBD3CD /* Product.swift in Sources */ = {isa = PBXBuildFile; fileRef = E3174889255D69E900FBD3CD /* Product.swift */; };
		E317488C255D6CC900FBD3CD /* ProductViewController.swift in Sources */ = {isa = PBXBuildFile; fileRef = E317488B255D6CC900FBD3CD /* ProductViewController.swift */; };
		E3174891255D6F9300FBD3CD /* ProductCollectionViewCell.swift in Sources */ = {isa = PBXBuildFile; fileRef = E3174890255D6F9300FBD3CD /* ProductCollectionViewCell.swift */; };
		E31748952562665100FBD3CD /* DetailProductViewController.swift in Sources */ = {isa = PBXBuildFile; fileRef = E31748942562665100FBD3CD /* DetailProductViewController.swift */; };
		E33F0B2625715CE8009AC576 /* BasketViewController.swift in Sources */ = {isa = PBXBuildFile; fileRef = E33F0B2025715CE8009AC576 /* BasketViewController.swift */; };
		E33F0B2725715CE8009AC576 /* MyTableViewCell.swift in Sources */ = {isa = PBXBuildFile; fileRef = E33F0B2125715CE8009AC576 /* MyTableViewCell.swift */; };
		E33F0B2A25715CE8009AC576 /* PersistanceRealm.swift in Sources */ = {isa = PBXBuildFile; fileRef = E33F0B2525715CE8009AC576 /* PersistanceRealm.swift */; };
		E393F6312550914700EC73D1 /* SubCategoryViewController.swift in Sources */ = {isa = PBXBuildFile; fileRef = E393F6302550914700EC73D1 /* SubCategoryViewController.swift */; };
		E3AF078D25AB53DF003E6FB0 /* SubCategoryPersistanceRealm.swift in Sources */ = {isa = PBXBuildFile; fileRef = E3AF078C25AB53DF003E6FB0 /* SubCategoryPersistanceRealm.swift */; };
		E3CADC7825AB374700564A0A /* CategoryTableViewCell.swift in Sources */ = {isa = PBXBuildFile; fileRef = E3CADC7725AB374700564A0A /* CategoryTableViewCell.swift */; };
		E3ED868125AB3D290045ED7F /* SubCategoryTableViewCell.swift in Sources */ = {isa = PBXBuildFile; fileRef = E3ED868025AB3D290045ED7F /* SubCategoryTableViewCell.swift */; };
		E3ED868325AB3F070045ED7F /* CategoryImagePersistanceRealm.swift in Sources */ = {isa = PBXBuildFile; fileRef = E3ED868225AB3F070045ED7F /* CategoryImagePersistanceRealm.swift */; };
		E3F48986253DB69300F8E063 /* AppDelegate.swift in Sources */ = {isa = PBXBuildFile; fileRef = E3F48985253DB69300F8E063 /* AppDelegate.swift */; };
		E3F48988253DB69300F8E063 /* SceneDelegate.swift in Sources */ = {isa = PBXBuildFile; fileRef = E3F48987253DB69300F8E063 /* SceneDelegate.swift */; };
		E3F4898A253DB69300F8E063 /* ViewController.swift in Sources */ = {isa = PBXBuildFile; fileRef = E3F48989253DB69300F8E063 /* ViewController.swift */; };
		E3F4898D253DB69300F8E063 /* Main.storyboard in Resources */ = {isa = PBXBuildFile; fileRef = E3F4898B253DB69300F8E063 /* Main.storyboard */; };
		E3F4898F253DB69700F8E063 /* Assets.xcassets in Resources */ = {isa = PBXBuildFile; fileRef = E3F4898E253DB69700F8E063 /* Assets.xcassets */; };
		E3F48992253DB69700F8E063 /* LaunchScreen.storyboard in Resources */ = {isa = PBXBuildFile; fileRef = E3F48990253DB69700F8E063 /* LaunchScreen.storyboard */; };
		E3F4899A253DC3DE00F8E063 /* Model.swift in Sources */ = {isa = PBXBuildFile; fileRef = E3F48999253DC3DE00F8E063 /* Model.swift */; };
		E3F489A22544600A00F8E063 /* ApiClient.swift in Sources */ = {isa = PBXBuildFile; fileRef = E3F489A12544600A00F8E063 /* ApiClient.swift */; };
/* End PBXBuildFile section */

/* Begin PBXFileReference section */
		2425094A1CD06F0F52CAFE09 /* Pods-WhiteStar.debug.xcconfig */ = {isa = PBXFileReference; includeInIndex = 1; lastKnownFileType = text.xcconfig; name = "Pods-WhiteStar.debug.xcconfig"; path = "Target Support Files/Pods-WhiteStar/Pods-WhiteStar.debug.xcconfig"; sourceTree = "<group>"; };
		4A85420577215519E5CE72CD /* libPods-WhiteStar.a */ = {isa = PBXFileReference; explicitFileType = archive.ar; includeInIndex = 0; path = "libPods-WhiteStar.a"; sourceTree = BUILT_PRODUCTS_DIR; };
		B0756C146AD5679EA177C619 /* Pods-WhiteStar.release.xcconfig */ = {isa = PBXFileReference; includeInIndex = 1; lastKnownFileType = text.xcconfig; name = "Pods-WhiteStar.release.xcconfig"; path = "Target Support Files/Pods-WhiteStar/Pods-WhiteStar.release.xcconfig"; sourceTree = "<group>"; };
		E3174889255D69E900FBD3CD /* Product.swift */ = {isa = PBXFileReference; lastKnownFileType = sourcecode.swift; path = Product.swift; sourceTree = "<group>"; };
		E317488B255D6CC900FBD3CD /* ProductViewController.swift */ = {isa = PBXFileReference; lastKnownFileType = sourcecode.swift; path = ProductViewController.swift; sourceTree = "<group>"; };
		E3174890255D6F9300FBD3CD /* ProductCollectionViewCell.swift */ = {isa = PBXFileReference; lastKnownFileType = sourcecode.swift; path = ProductCollectionViewCell.swift; sourceTree = "<group>"; };
		E31748942562665100FBD3CD /* DetailProductViewController.swift */ = {isa = PBXFileReference; lastKnownFileType = sourcecode.swift; path = DetailProductViewController.swift; sourceTree = "<group>"; };
		E33F0B2025715CE8009AC576 /* BasketViewController.swift */ = {isa = PBXFileReference; fileEncoding = 4; lastKnownFileType = sourcecode.swift; path = BasketViewController.swift; sourceTree = "<group>"; };
		E33F0B2125715CE8009AC576 /* MyTableViewCell.swift */ = {isa = PBXFileReference; fileEncoding = 4; lastKnownFileType = sourcecode.swift; path = MyTableViewCell.swift; sourceTree = "<group>"; };
		E33F0B2525715CE8009AC576 /* PersistanceRealm.swift */ = {isa = PBXFileReference; fileEncoding = 4; lastKnownFileType = sourcecode.swift; path = PersistanceRealm.swift; sourceTree = "<group>"; };
		E393F6302550914700EC73D1 /* SubCategoryViewController.swift */ = {isa = PBXFileReference; lastKnownFileType = sourcecode.swift; path = SubCategoryViewController.swift; sourceTree = "<group>"; };
		E3AF078C25AB53DF003E6FB0 /* SubCategoryPersistanceRealm.swift */ = {isa = PBXFileReference; lastKnownFileType = sourcecode.swift; path = SubCategoryPersistanceRealm.swift; sourceTree = "<group>"; };
		E3CADC7725AB374700564A0A /* CategoryTableViewCell.swift */ = {isa = PBXFileReference; lastKnownFileType = sourcecode.swift; path = CategoryTableViewCell.swift; sourceTree = "<group>"; };
		E3ED868025AB3D290045ED7F /* SubCategoryTableViewCell.swift */ = {isa = PBXFileReference; lastKnownFileType = sourcecode.swift; path = SubCategoryTableViewCell.swift; sourceTree = "<group>"; };
		E3ED868225AB3F070045ED7F /* CategoryImagePersistanceRealm.swift */ = {isa = PBXFileReference; lastKnownFileType = sourcecode.swift; path = CategoryImagePersistanceRealm.swift; sourceTree = "<group>"; };
		E3F48982253DB69300F8E063 /* WhiteStar.app */ = {isa = PBXFileReference; explicitFileType = wrapper.application; includeInIndex = 0; path = WhiteStar.app; sourceTree = BUILT_PRODUCTS_DIR; };
		E3F48985253DB69300F8E063 /* AppDelegate.swift */ = {isa = PBXFileReference; lastKnownFileType = sourcecode.swift; path = AppDelegate.swift; sourceTree = "<group>"; };
		E3F48987253DB69300F8E063 /* SceneDelegate.swift */ = {isa = PBXFileReference; lastKnownFileType = sourcecode.swift; path = SceneDelegate.swift; sourceTree = "<group>"; };
		E3F48989253DB69300F8E063 /* ViewController.swift */ = {isa = PBXFileReference; lastKnownFileType = sourcecode.swift; path = ViewController.swift; sourceTree = "<group>"; };
		E3F4898C253DB69300F8E063 /* Base */ = {isa = PBXFileReference; lastKnownFileType = file.storyboard; name = Base; path = Base.lproj/Main.storyboard; sourceTree = "<group>"; };
		E3F4898E253DB69700F8E063 /* Assets.xcassets */ = {isa = PBXFileReference; lastKnownFileType = folder.assetcatalog; path = Assets.xcassets; sourceTree = "<group>"; };
		E3F48991253DB69700F8E063 /* Base */ = {isa = PBXFileReference; lastKnownFileType = file.storyboard; name = Base; path = Base.lproj/LaunchScreen.storyboard; sourceTree = "<group>"; };
		E3F48993253DB69700F8E063 /* Info.plist */ = {isa = PBXFileReference; lastKnownFileType = text.plist.xml; path = Info.plist; sourceTree = "<group>"; };
		E3F48999253DC3DE00F8E063 /* Model.swift */ = {isa = PBXFileReference; lastKnownFileType = sourcecode.swift; path = Model.swift; sourceTree = "<group>"; };
		E3F489A12544600A00F8E063 /* ApiClient.swift */ = {isa = PBXFileReference; fileEncoding = 4; lastKnownFileType = sourcecode.swift; path = ApiClient.swift; sourceTree = "<group>"; };
/* End PBXFileReference section */

/* Begin PBXFrameworksBuildPhase section */
		E3F4897F253DB69300F8E063 /* Frameworks */ = {
			isa = PBXFrameworksBuildPhase;
			buildActionMask = 2147483647;
			files = (
				174E35862A23F0CC38224C67 /* libPods-WhiteStar.a in Frameworks */,
			);
			runOnlyForDeploymentPostprocessing = 0;
		};
/* End PBXFrameworksBuildPhase section */

/* Begin PBXGroup section */
		4BF972ECCBCB9445128C19B9 /* Pods */ = {
			isa = PBXGroup;
			children = (
				2425094A1CD06F0F52CAFE09 /* Pods-WhiteStar.debug.xcconfig */,
				B0756C146AD5679EA177C619 /* Pods-WhiteStar.release.xcconfig */,
			);
			path = Pods;
			sourceTree = "<group>";
		};
		CCECE6FE5B8CC89D71AA55D7 /* Frameworks */ = {
			isa = PBXGroup;
			children = (
				4A85420577215519E5CE72CD /* libPods-WhiteStar.a */,
			);
			name = Frameworks;
			sourceTree = "<group>";
		};
		E317488D255D6E1A00FBD3CD /* Screen */ = {
			isa = PBXGroup;
			children = (
				E3AF078825AB527F003E6FB0 /* Category */,
				E3AF078925AB5290003E6FB0 /* SubCategory */,
				E3AF078A25AB52A7003E6FB0 /* Product */,
				E3AF078B25AB52C3003E6FB0 /* DetailProduct */,
				E33F0B1F25715CE8009AC576 /* BasketView */,
			);
			path = Screen;
			sourceTree = "<group>";
		};
		E317488E255D6E2300FBD3CD /* Network */ = {
			isa = PBXGroup;
			children = (
				E3F489A12544600A00F8E063 /* ApiClient.swift */,
			);
			path = Network;
			sourceTree = "<group>";
		};
		E317488F255D6E3700FBD3CD /* Model */ = {
			isa = PBXGroup;
			children = (
				E3F48999253DC3DE00F8E063 /* Model.swift */,
				E3174889255D69E900FBD3CD /* Product.swift */,
			);
			path = Model;
			sourceTree = "<group>";
		};
		E33F0B1F25715CE8009AC576 /* BasketView */ = {
			isa = PBXGroup;
			children = (
				E33F0B2025715CE8009AC576 /* BasketViewController.swift */,
				E33F0B2125715CE8009AC576 /* MyTableViewCell.swift */,
				E33F0B2525715CE8009AC576 /* PersistanceRealm.swift */,
			);
			path = BasketView;
			sourceTree = "<group>";
		};
		E3AF078825AB527F003E6FB0 /* Category */ = {
			isa = PBXGroup;
			children = (
				E3F48989253DB69300F8E063 /* ViewController.swift */,
				E3ED868225AB3F070045ED7F /* CategoryImagePersistanceRealm.swift */,
				E3CADC7725AB374700564A0A /* CategoryTableViewCell.swift */,
			);
			path = Category;
			sourceTree = "<group>";
		};
		E3AF078925AB5290003E6FB0 /* SubCategory */ = {
			isa = PBXGroup;
			children = (
				E393F6302550914700EC73D1 /* SubCategoryViewController.swift */,
				E3AF078C25AB53DF003E6FB0 /* SubCategoryPersistanceRealm.swift */,
				E3ED868025AB3D290045ED7F /* SubCategoryTableViewCell.swift */,
			);
			path = SubCategory;
			sourceTree = "<group>";
		};
		E3AF078A25AB52A7003E6FB0 /* Product */ = {
			isa = PBXGroup;
			children = (
				E317488B255D6CC900FBD3CD /* ProductViewController.swift */,
				E3174890255D6F9300FBD3CD /* ProductCollectionViewCell.swift */,
			);
			path = Product;
			sourceTree = "<group>";
		};
		E3AF078B25AB52C3003E6FB0 /* DetailProduct */ = {
			isa = PBXGroup;
			children = (
				E31748942562665100FBD3CD /* DetailProductViewController.swift */,
			);
			path = DetailProduct;
			sourceTree = "<group>";
		};
		E3F48979253DB69300F8E063 = {
			isa = PBXGroup;
			children = (
				E3F48984253DB69300F8E063 /* WhiteStar */,
				E3F48983253DB69300F8E063 /* Products */,
				4BF972ECCBCB9445128C19B9 /* Pods */,
				CCECE6FE5B8CC89D71AA55D7 /* Frameworks */,
			);
			sourceTree = "<group>";
		};
		E3F48983253DB69300F8E063 /* Products */ = {
			isa = PBXGroup;
			children = (
				E3F48982253DB69300F8E063 /* WhiteStar.app */,
			);
			name = Products;
			sourceTree = "<group>";
		};
		E3F48984253DB69300F8E063 /* WhiteStar */ = {
			isa = PBXGroup;
			children = (
				E3F48985253DB69300F8E063 /* AppDelegate.swift */,
				E3F48987253DB69300F8E063 /* SceneDelegate.swift */,
				E317488D255D6E1A00FBD3CD /* Screen */,
				E317488E255D6E2300FBD3CD /* Network */,
				E317488F255D6E3700FBD3CD /* Model */,
				E3F4898B253DB69300F8E063 /* Main.storyboard */,
				E3F4898E253DB69700F8E063 /* Assets.xcassets */,
				E3F48990253DB69700F8E063 /* LaunchScreen.storyboard */,
				E3F48993253DB69700F8E063 /* Info.plist */,
			);
			path = WhiteStar;
			sourceTree = "<group>";
		};
/* End PBXGroup section */

/* Begin PBXNativeTarget section */
		E3F48981253DB69300F8E063 /* WhiteStar */ = {
			isa = PBXNativeTarget;
			buildConfigurationList = E3F48996253DB69700F8E063 /* Build configuration list for PBXNativeTarget "WhiteStar" */;
			buildPhases = (
				559AF46C87DE984C9387A5EE /* [CP] Check Pods Manifest.lock */,
				E3F4897E253DB69300F8E063 /* Sources */,
				E3F4897F253DB69300F8E063 /* Frameworks */,
				E3F48980253DB69300F8E063 /* Resources */,
			);
			buildRules = (
			);
			dependencies = (
			);
			name = WhiteStar;
			productName = WhiteStar;
			productReference = E3F48982253DB69300F8E063 /* WhiteStar.app */;
			productType = "com.apple.product-type.application";
		};
/* End PBXNativeTarget section */

/* Begin PBXProject section */
		E3F4897A253DB69300F8E063 /* Project object */ = {
			isa = PBXProject;
			attributes = {
				LastSwiftUpdateCheck = 1200;
				LastUpgradeCheck = 1200;
				TargetAttributes = {
					E3F48981253DB69300F8E063 = {
						CreatedOnToolsVersion = 12.0;
					};
				};
			};
			buildConfigurationList = E3F4897D253DB69300F8E063 /* Build configuration list for PBXProject "WhiteStar" */;
			compatibilityVersion = "Xcode 9.3";
			developmentRegion = en;
			hasScannedForEncodings = 0;
			knownRegions = (
				en,
				Base,
			);
			mainGroup = E3F48979253DB69300F8E063;
			productRefGroup = E3F48983253DB69300F8E063 /* Products */;
			projectDirPath = "";
			projectRoot = "";
			targets = (
				E3F48981253DB69300F8E063 /* WhiteStar */,
			);
		};
/* End PBXProject section */

/* Begin PBXResourcesBuildPhase section */
		E3F48980253DB69300F8E063 /* Resources */ = {
			isa = PBXResourcesBuildPhase;
			buildActionMask = 2147483647;
			files = (
				E3F48992253DB69700F8E063 /* LaunchScreen.storyboard in Resources */,
				E3F4898F253DB69700F8E063 /* Assets.xcassets in Resources */,
				E3F4898D253DB69300F8E063 /* Main.storyboard in Resources */,
			);
			runOnlyForDeploymentPostprocessing = 0;
		};
/* End PBXResourcesBuildPhase section */

/* Begin PBXShellScriptBuildPhase section */
		559AF46C87DE984C9387A5EE /* [CP] Check Pods Manifest.lock */ = {
			isa = PBXShellScriptBuildPhase;
			buildActionMask = 2147483647;
			files = (
			);
			inputFileListPaths = (
			);
			inputPaths = (
				"${PODS_PODFILE_DIR_PATH}/Podfile.lock",
				"${PODS_ROOT}/Manifest.lock",
			);
			name = "[CP] Check Pods Manifest.lock";
			outputFileListPaths = (
			);
			outputPaths = (
				"$(DERIVED_FILE_DIR)/Pods-WhiteStar-checkManifestLockResult.txt",
			);
			runOnlyForDeploymentPostprocessing = 0;
			shellPath = /bin/sh;
			shellScript = "diff \"${PODS_PODFILE_DIR_PATH}/Podfile.lock\" \"${PODS_ROOT}/Manifest.lock\" > /dev/null\nif [ $? != 0 ] ; then\n    # print error to STDERR\n    echo \"error: The sandbox is not in sync with the Podfile.lock. Run 'pod install' or update your CocoaPods installation.\" >&2\n    exit 1\nfi\n# This output is used by Xcode 'outputs' to avoid re-running this script phase.\necho \"SUCCESS\" > \"${SCRIPT_OUTPUT_FILE_0}\"\n";
			showEnvVarsInLog = 0;
		};
/* End PBXShellScriptBuildPhase section */

/* Begin PBXSourcesBuildPhase section */
		E3F4897E253DB69300F8E063 /* Sources */ = {
			isa = PBXSourcesBuildPhase;
			buildActionMask = 2147483647;
			files = (
				E33F0B2625715CE8009AC576 /* BasketViewController.swift in Sources */,
				E393F6312550914700EC73D1 /* SubCategoryViewController.swift in Sources */,
				E3ED868125AB3D290045ED7F /* SubCategoryTableViewCell.swift in Sources */,
				E3F4898A253DB69300F8E063 /* ViewController.swift in Sources */,
				E33F0B2A25715CE8009AC576 /* PersistanceRealm.swift in Sources */,
				E3ED868325AB3F070045ED7F /* CategoryImagePersistanceRealm.swift in Sources */,
				E3F48986253DB69300F8E063 /* AppDelegate.swift in Sources */,
				E3AF078D25AB53DF003E6FB0 /* SubCategoryPersistanceRealm.swift in Sources */,
				E3F48988253DB69300F8E063 /* SceneDelegate.swift in Sources */,
				E33F0B2725715CE8009AC576 /* MyTableViewCell.swift in Sources */,
				E3F4899A253DC3DE00F8E063 /* Model.swift in Sources */,
				E3F489A22544600A00F8E063 /* ApiClient.swift in Sources */,
				E317488C255D6CC900FBD3CD /* ProductViewController.swift in Sources */,
				E3174891255D6F9300FBD3CD /* ProductCollectionViewCell.swift in Sources */,
				E3CADC7825AB374700564A0A /* CategoryTableViewCell.swift in Sources */,
				E317488A255D69E900FBD3CD /* Product.swift in Sources */,
				E31748952562665100FBD3CD /* DetailProductViewController.swift in Sources */,
			);
			runOnlyForDeploymentPostprocessing = 0;
		};
/* End PBXSourcesBuildPhase section */

/* Begin PBXVariantGroup section */
		E3F4898B253DB69300F8E063 /* Main.storyboard */ = {
			isa = PBXVariantGroup;
			children = (
				E3F4898C253DB69300F8E063 /* Base */,
			);
			name = Main.storyboard;
			sourceTree = "<group>";
		};
		E3F48990253DB69700F8E063 /* LaunchScreen.storyboard */ = {
			isa = PBXVariantGroup;
			children = (
				E3F48991253DB69700F8E063 /* Base */,
			);
			name = LaunchScreen.storyboard;
			sourceTree = "<group>";
		};
/* End PBXVariantGroup section */

/* Begin XCBuildConfiguration section */
		E3F48994253DB69700F8E063 /* Debug */ = {
			isa = XCBuildConfiguration;
			buildSettings = {
				ALWAYS_SEARCH_USER_PATHS = NO;
				CLANG_ANALYZER_NONNULL = YES;
				CLANG_ANALYZER_NUMBER_OBJECT_CONVERSION = YES_AGGRESSIVE;
				CLANG_CXX_LANGUAGE_STANDARD = "gnu++14";
				CLANG_CXX_LIBRARY = "libc++";
				CLANG_ENABLE_MODULES = YES;
				CLANG_ENABLE_OBJC_ARC = YES;
				CLANG_ENABLE_OBJC_WEAK = YES;
				CLANG_WARN_BLOCK_CAPTURE_AUTORELEASING = YES;
				CLANG_WARN_BOOL_CONVERSION = YES;
				CLANG_WARN_COMMA = YES;
				CLANG_WARN_CONSTANT_CONVERSION = YES;
				CLANG_WARN_DEPRECATED_OBJC_IMPLEMENTATIONS = YES;
				CLANG_WARN_DIRECT_OBJC_ISA_USAGE = YES_ERROR;
				CLANG_WARN_DOCUMENTATION_COMMENTS = YES;
				CLANG_WARN_EMPTY_BODY = YES;
				CLANG_WARN_ENUM_CONVERSION = YES;
				CLANG_WARN_INFINITE_RECURSION = YES;
				CLANG_WARN_INT_CONVERSION = YES;
				CLANG_WARN_NON_LITERAL_NULL_CONVERSION = YES;
				CLANG_WARN_OBJC_IMPLICIT_RETAIN_SELF = YES;
				CLANG_WARN_OBJC_LITERAL_CONVERSION = YES;
				CLANG_WARN_OBJC_ROOT_CLASS = YES_ERROR;
				CLANG_WARN_QUOTED_INCLUDE_IN_FRAMEWORK_HEADER = YES;
				CLANG_WARN_RANGE_LOOP_ANALYSIS = YES;
				CLANG_WARN_STRICT_PROTOTYPES = YES;
				CLANG_WARN_SUSPICIOUS_MOVE = YES;
				CLANG_WARN_UNGUARDED_AVAILABILITY = YES_AGGRESSIVE;
				CLANG_WARN_UNREACHABLE_CODE = YES;
				CLANG_WARN__DUPLICATE_METHOD_MATCH = YES;
				COPY_PHASE_STRIP = NO;
				DEBUG_INFORMATION_FORMAT = dwarf;
				ENABLE_STRICT_OBJC_MSGSEND = YES;
				ENABLE_TESTABILITY = YES;
				GCC_C_LANGUAGE_STANDARD = gnu11;
				GCC_DYNAMIC_NO_PIC = NO;
				GCC_NO_COMMON_BLOCKS = YES;
				GCC_OPTIMIZATION_LEVEL = 0;
				GCC_PREPROCESSOR_DEFINITIONS = (
					"DEBUG=1",
					"$(inherited)",
				);
				GCC_WARN_64_TO_32_BIT_CONVERSION = YES;
				GCC_WARN_ABOUT_RETURN_TYPE = YES_ERROR;
				GCC_WARN_UNDECLARED_SELECTOR = YES;
				GCC_WARN_UNINITIALIZED_AUTOS = YES_AGGRESSIVE;
				GCC_WARN_UNUSED_FUNCTION = YES;
				GCC_WARN_UNUSED_VARIABLE = YES;
				IPHONEOS_DEPLOYMENT_TARGET = 14.0;
				MTL_ENABLE_DEBUG_INFO = INCLUDE_SOURCE;
				MTL_FAST_MATH = YES;
				ONLY_ACTIVE_ARCH = YES;
				SDKROOT = iphoneos;
				SWIFT_ACTIVE_COMPILATION_CONDITIONS = DEBUG;
				SWIFT_OPTIMIZATION_LEVEL = "-Onone";
			};
			name = Debug;
		};
		E3F48995253DB69700F8E063 /* Release */ = {
			isa = XCBuildConfiguration;
			buildSettings = {
				ALWAYS_SEARCH_USER_PATHS = NO;
				CLANG_ANALYZER_NONNULL = YES;
				CLANG_ANALYZER_NUMBER_OBJECT_CONVERSION = YES_AGGRESSIVE;
				CLANG_CXX_LANGUAGE_STANDARD = "gnu++14";
				CLANG_CXX_LIBRARY = "libc++";
				CLANG_ENABLE_MODULES = YES;
				CLANG_ENABLE_OBJC_ARC = YES;
				CLANG_ENABLE_OBJC_WEAK = YES;
				CLANG_WARN_BLOCK_CAPTURE_AUTORELEASING = YES;
				CLANG_WARN_BOOL_CONVERSION = YES;
				CLANG_WARN_COMMA = YES;
				CLANG_WARN_CONSTANT_CONVERSION = YES;
				CLANG_WARN_DEPRECATED_OBJC_IMPLEMENTATIONS = YES;
				CLANG_WARN_DIRECT_OBJC_ISA_USAGE = YES_ERROR;
				CLANG_WARN_DOCUMENTATION_COMMENTS = YES;
				CLANG_WARN_EMPTY_BODY = YES;
				CLANG_WARN_ENUM_CONVERSION = YES;
				CLANG_WARN_INFINITE_RECURSION = YES;
				CLANG_WARN_INT_CONVERSION = YES;
				CLANG_WARN_NON_LITERAL_NULL_CONVERSION = YES;
				CLANG_WARN_OBJC_IMPLICIT_RETAIN_SELF = YES;
				CLANG_WARN_OBJC_LITERAL_CONVERSION = YES;
				CLANG_WARN_OBJC_ROOT_CLASS = YES_ERROR;
				CLANG_WARN_QUOTED_INCLUDE_IN_FRAMEWORK_HEADER = YES;
				CLANG_WARN_RANGE_LOOP_ANALYSIS = YES;
				CLANG_WARN_STRICT_PROTOTYPES = YES;
				CLANG_WARN_SUSPICIOUS_MOVE = YES;
				CLANG_WARN_UNGUARDED_AVAILABILITY = YES_AGGRESSIVE;
				CLANG_WARN_UNREACHABLE_CODE = YES;
				CLANG_WARN__DUPLICATE_METHOD_MATCH = YES;
				COPY_PHASE_STRIP = NO;
				DEBUG_INFORMATION_FORMAT = "dwarf-with-dsym";
				ENABLE_NS_ASSERTIONS = NO;
				ENABLE_STRICT_OBJC_MSGSEND = YES;
				GCC_C_LANGUAGE_STANDARD = gnu11;
				GCC_NO_COMMON_BLOCKS = YES;
				GCC_WARN_64_TO_32_BIT_CONVERSION = YES;
				GCC_WARN_ABOUT_RETURN_TYPE = YES_ERROR;
				GCC_WARN_UNDECLARED_SELECTOR = YES;
				GCC_WARN_UNINITIALIZED_AUTOS = YES_AGGRESSIVE;
				GCC_WARN_UNUSED_FUNCTION = YES;
				GCC_WARN_UNUSED_VARIABLE = YES;
				IPHONEOS_DEPLOYMENT_TARGET = 14.0;
				MTL_ENABLE_DEBUG_INFO = NO;
				MTL_FAST_MATH = YES;
				SDKROOT = iphoneos;
				SWIFT_COMPILATION_MODE = wholemodule;
				SWIFT_OPTIMIZATION_LEVEL = "-O";
				VALIDATE_PRODUCT = YES;
			};
			name = Release;
		};
		E3F48997253DB69700F8E063 /* Debug */ = {
			isa = XCBuildConfiguration;
			baseConfigurationReference = 2425094A1CD06F0F52CAFE09 /* Pods-WhiteStar.debug.xcconfig */;
			buildSettings = {
				ASSETCATALOG_COMPILER_APPICON_NAME = AppIcon;
				ASSETCATALOG_COMPILER_GLOBAL_ACCENT_COLOR_NAME = AccentColor;
				CODE_SIGN_STYLE = Automatic;
				DEVELOPMENT_TEAM = E4F3RD8E26;
				INFOPLIST_FILE = WhiteStar/Info.plist;
				LD_RUNPATH_SEARCH_PATHS = (
					"$(inherited)",
					"@executable_path/Frameworks",
				);
				PRODUCT_BUNDLE_IDENTIFIER = Vonkad.WhiteStar;
				PRODUCT_NAME = "$(TARGET_NAME)";
				SWIFT_VERSION = 5.0;
				TARGETED_DEVICE_FAMILY = "1,2";
			};
			name = Debug;
		};
		E3F48998253DB69700F8E063 /* Release */ = {
			isa = XCBuildConfiguration;
			baseConfigurationReference = B0756C146AD5679EA177C619 /* Pods-WhiteStar.release.xcconfig */;
			buildSettings = {
				ASSETCATALOG_COMPILER_APPICON_NAME = AppIcon;
				ASSETCATALOG_COMPILER_GLOBAL_ACCENT_COLOR_NAME = AccentColor;
				CODE_SIGN_STYLE = Automatic;
				DEVELOPMENT_TEAM = E4F3RD8E26;
				INFOPLIST_FILE = WhiteStar/Info.plist;
				LD_RUNPATH_SEARCH_PATHS = (
					"$(inherited)",
					"@executable_path/Frameworks",
				);
				PRODUCT_BUNDLE_IDENTIFIER = Vonkad.WhiteStar;
				PRODUCT_NAME = "$(TARGET_NAME)";
				SWIFT_VERSION = 5.0;
				TARGETED_DEVICE_FAMILY = "1,2";
			};
			name = Release;
		};
/* End XCBuildConfiguration section */

/* Begin XCConfigurationList section */
		E3F4897D253DB69300F8E063 /* Build configuration list for PBXProject "WhiteStar" */ = {
			isa = XCConfigurationList;
			buildConfigurations = (
				E3F48994253DB69700F8E063 /* Debug */,
				E3F48995253DB69700F8E063 /* Release */,
			);
			defaultConfigurationIsVisible = 0;
			defaultConfigurationName = Release;
		};
		E3F48996253DB69700F8E063 /* Build configuration list for PBXNativeTarget "WhiteStar" */ = {
			isa = XCConfigurationList;
			buildConfigurations = (
				E3F48997253DB69700F8E063 /* Debug */,
				E3F48998253DB69700F8E063 /* Release */,
			);
			defaultConfigurationIsVisible = 0;
			defaultConfigurationName = Release;
		};
/* End XCConfigurationList section */
	};
	rootObject = E3F4897A253DB69300F8E063 /* Project object */;
}
